// !$*UTF8*$!
{
	archiveVersion = 1;
	classes = {
	};
	objectVersion = 77;
	objects = {

/* Begin PBXBuildFile section */
		9B823C032E5DB46200B595E3 /* Swinject in Frameworks */ = {isa = PBXBuildFile; productRef = 9B823C022E5DB46200B595E3 /* Swinject */; };
/* End PBXBuildFile section */

/* Begin PBXContainerItemProxy section */
		9B823BBD2E5DAEBB00B595E3 /* PBXContainerItemProxy */ = {
			isa = PBXContainerItemProxy;
			containerPortal = 9B823BA52E5DAEB900B595E3 /* Project object */;
			proxyType = 1;
			remoteGlobalIDString = 9B823BAC2E5DAEB900B595E3;
			remoteInfo = iScream;
		};
		9B823BC72E5DAEBB00B595E3 /* PBXContainerItemProxy */ = {
			isa = PBXContainerItemProxy;
			containerPortal = 9B823BA52E5DAEB900B595E3 /* Project object */;
			proxyType = 1;
			remoteGlobalIDString = 9B823BAC2E5DAEB900B595E3;
			remoteInfo = iScream;
		};
/* End PBXContainerItemProxy section */

/* Begin PBXFileReference section */
		9B823BAD2E5DAEB900B595E3 /* iScream.app */ = {isa = PBXFileReference; explicitFileType = wrapper.application; includeInIndex = 0; path = iScream.app; sourceTree = BUILT_PRODUCTS_DIR; };
		9B823BBC2E5DAEBB00B595E3 /* iScreamTests.xctest */ = {isa = PBXFileReference; explicitFileType = wrapper.cfbundle; includeInIndex = 0; path = iScreamTests.xctest; sourceTree = BUILT_PRODUCTS_DIR; };
		9B823BC62E5DAEBB00B595E3 /* iScreamUITests.xctest */ = {isa = PBXFileReference; explicitFileType = wrapper.cfbundle; includeInIndex = 0; path = iScreamUITests.xctest; sourceTree = BUILT_PRODUCTS_DIR; };
/* End PBXFileReference section */

/* Begin PBXFileSystemSynchronizedRootGroup section */
		9B823BAF2E5DAEB900B595E3 /* iScream */ = {
			isa = PBXFileSystemSynchronizedRootGroup;
			path = iScream;
			sourceTree = "<group>";
		};
		9B823BBF2E5DAEBB00B595E3 /* iScreamTests */ = {
			isa = PBXFileSystemSynchronizedRootGroup;
			path = iScreamTests;
			sourceTree = "<group>";
		};
		9B823BC92E5DAEBB00B595E3 /* iScreamUITests */ = {
			isa = PBXFileSystemSynchronizedRootGroup;
			path = iScreamUITests;
			sourceTree = "<group>";
		};
/* End PBXFileSystemSynchronizedRootGroup section */

/* Begin PBXFrameworksBuildPhase section */
		9B823BAA2E5DAEB900B595E3 /* Frameworks */ = {
			isa = PBXFrameworksBuildPhase;
			buildActionMask = 2147483647;
			files = (
				9B823C032E5DB46200B595E3 /* Swinject in Frameworks */,
			);
			runOnlyForDeploymentPostprocessing = 0;
		};
		9B823BB92E5DAEBB00B595E3 /* Frameworks */ = {
			isa = PBXFrameworksBuildPhase;
			buildActionMask = 2147483647;
			files = (
			);
			runOnlyForDeploymentPostprocessing = 0;
		};
		9B823BC32E5DAEBB00B595E3 /* Frameworks */ = {
			isa = PBXFrameworksBuildPhase;
			buildActionMask = 2147483647;
			files = (
			);
			runOnlyForDeploymentPostprocessing = 0;
		};
/* End PBXFrameworksBuildPhase section */

/* Begin PBXGroup section */
		9B823BA42E5DAEB900B595E3 = {
			isa = PBXGroup;
			children = (
				9B823BAF2E5DAEB900B595E3 /* iScream */,
				9B823BBF2E5DAEBB00B595E3 /* iScreamTests */,
				9B823BC92E5DAEBB00B595E3 /* iScreamUITests */,
				9B823C012E5DB46200B595E3 /* Frameworks */,
				9B823BAE2E5DAEB900B595E3 /* Products */,
			);
			sourceTree = "<group>";
		};
		9B823BAE2E5DAEB900B595E3 /* Products */ = {
			isa = PBXGroup;
			children = (
				9B823BAD2E5DAEB900B595E3 /* iScream.app */,
				9B823BBC2E5DAEBB00B595E3 /* iScreamTests.xctest */,
				9B823BC62E5DAEBB00B595E3 /* iScreamUITests.xctest */,
			);
			name = Products;
			sourceTree = "<group>";
		};
		9B823C012E5DB46200B595E3 /* Frameworks */ = {
			isa = PBXGroup;
			children = (
			);
			name = Frameworks;
			sourceTree = "<group>";
		};
/* End PBXGroup section */

/* Begin PBXNativeTarget section */
		9B823BAC2E5DAEB900B595E3 /* iScream */ = {
			isa = PBXNativeTarget;
			buildConfigurationList = 9B823BD02E5DAEBB00B595E3 /* Build configuration list for PBXNativeTarget "iScream" */;
			buildPhases = (
				9B823BA92E5DAEB900B595E3 /* Sources */,
				9B823BAA2E5DAEB900B595E3 /* Frameworks */,
				9B823BAB2E5DAEB900B595E3 /* Resources */,
			);
			buildRules = (
			);
			dependencies = (
			);
			fileSystemSynchronizedGroups = (
				9B823BAF2E5DAEB900B595E3 /* iScream */,
			);
			name = iScream;
			packageProductDependencies = (
				9B823C022E5DB46200B595E3 /* Swinject */,
			);
			productName = iScream;
			productReference = 9B823BAD2E5DAEB900B595E3 /* iScream.app */;
			productType = "com.apple.product-type.application";
		};
		9B823BBB2E5DAEBB00B595E3 /* iScreamTests */ = {
			isa = PBXNativeTarget;
			buildConfigurationList = 9B823BD32E5DAEBB00B595E3 /* Build configuration list for PBXNativeTarget "iScreamTests" */;
			buildPhases = (
				9B823BB82E5DAEBB00B595E3 /* Sources */,
				9B823BB92E5DAEBB00B595E3 /* Frameworks */,
				9B823BBA2E5DAEBB00B595E3 /* Resources */,
			);
			buildRules = (
			);
			dependencies = (
				9B823BBE2E5DAEBB00B595E3 /* PBXTargetDependency */,
			);
			fileSystemSynchronizedGroups = (
				9B823BBF2E5DAEBB00B595E3 /* iScreamTests */,
			);
			name = iScreamTests;
			packageProductDependencies = (
			);
			productName = iScreamTests;
			productReference = 9B823BBC2E5DAEBB00B595E3 /* iScreamTests.xctest */;
			productType = "com.apple.product-type.bundle.unit-test";
		};
		9B823BC52E5DAEBB00B595E3 /* iScreamUITests */ = {
			isa = PBXNativeTarget;
			buildConfigurationList = 9B823BD62E5DAEBB00B595E3 /* Build configuration list for PBXNativeTarget "iScreamUITests" */;
			buildPhases = (
				9B823BC22E5DAEBB00B595E3 /* Sources */,
				9B823BC32E5DAEBB00B595E3 /* Frameworks */,
				9B823BC42E5DAEBB00B595E3 /* Resources */,
			);
			buildRules = (
			);
			dependencies = (
				9B823BC82E5DAEBB00B595E3 /* PBXTargetDependency */,
			);
			fileSystemSynchronizedGroups = (
				9B823BC92E5DAEBB00B595E3 /* iScreamUITests */,
			);
			name = iScreamUITests;
			packageProductDependencies = (
			);
			productName = iScreamUITests;
			productReference = 9B823BC62E5DAEBB00B595E3 /* iScreamUITests.xctest */;
			productType = "com.apple.product-type.bundle.ui-testing";
		};
/* End PBXNativeTarget section */

/* Begin PBXProject section */
		9B823BA52E5DAEB900B595E3 /* Project object */ = {
			isa = PBXProject;
			attributes = {
				BuildIndependentTargetsInParallel = 1;
				LastSwiftUpdateCheck = 1640;
				LastUpgradeCheck = 1640;
				TargetAttributes = {
					9B823BAC2E5DAEB900B595E3 = {
						CreatedOnToolsVersion = 16.4;
					};
					9B823BBB2E5DAEBB00B595E3 = {
						CreatedOnToolsVersion = 16.4;
						TestTargetID = 9B823BAC2E5DAEB900B595E3;
					};
					9B823BC52E5DAEBB00B595E3 = {
						CreatedOnToolsVersion = 16.4;
						TestTargetID = 9B823BAC2E5DAEB900B595E3;
					};
				};
			};
			buildConfigurationList = 9B823BA82E5DAEB900B595E3 /* Build configuration list for PBXProject "iScream" */;
			developmentRegion = en;
			hasScannedForEncodings = 0;
			knownRegions = (
				en,
				Base,
			);
			mainGroup = 9B823BA42E5DAEB900B595E3;
			minimizedProjectReferenceProxies = 1;
			packageReferences = (
				9B823C002E5DB41B00B595E3 /* XCRemoteSwiftPackageReference "Swinject" */,
			);
			preferredProjectObjectVersion = 77;
			productRefGroup = 9B823BAE2E5DAEB900B595E3 /* Products */;
			projectDirPath = "";
			projectRoot = "";
			targets = (
				9B823BAC2E5DAEB900B595E3 /* iScream */,
				9B823BBB2E5DAEBB00B595E3 /* iScreamTests */,
				9B823BC52E5DAEBB00B595E3 /* iScreamUITests */,
			);
		};
/* End PBXProject section */

/* Begin PBXResourcesBuildPhase section */
		9B823BAB2E5DAEB900B595E3 /* Resources */ = {
			isa = PBXResourcesBuildPhase;
			buildActionMask = 2147483647;
			files = (
			);
			runOnlyForDeploymentPostprocessing = 0;
		};
		9B823BBA2E5DAEBB00B595E3 /* Resources */ = {
			isa = PBXResourcesBuildPhase;
			buildActionMask = 2147483647;
			files = (
			);
			runOnlyForDeploymentPostprocessing = 0;
		};
		9B823BC42E5DAEBB00B595E3 /* Resources */ = {
			isa = PBXResourcesBuildPhase;
			buildActionMask = 2147483647;
			files = (
			);
			runOnlyForDeploymentPostprocessing = 0;
		};
/* End PBXResourcesBuildPhase section */

/* Begin PBXSourcesBuildPhase section */
		9B823BA92E5DAEB900B595E3 /* Sources */ = {
			isa = PBXSourcesBuildPhase;
			buildActionMask = 2147483647;
			files = (
			);
			runOnlyForDeploymentPostprocessing = 0;
		};
		9B823BB82E5DAEBB00B595E3 /* Sources */ = {
			isa = PBXSourcesBuildPhase;
			buildActionMask = 2147483647;
			files = (
			);
			runOnlyForDeploymentPostprocessing = 0;
		};
		9B823BC22E5DAEBB00B595E3 /* Sources */ = {
			isa = PBXSourcesBuildPhase;
			buildActionMask = 2147483647;
			files = (
			);
			runOnlyForDeploymentPostprocessing = 0;
		};
/* End PBXSourcesBuildPhase section */

/* Begin PBXTargetDependency section */
		9B823BBE2E5DAEBB00B595E3 /* PBXTargetDependency */ = {
			isa = PBXTargetDependency;
			target = 9B823BAC2E5DAEB900B595E3 /* iScream */;
			targetProxy = 9B823BBD2E5DAEBB00B595E3 /* PBXContainerItemProxy */;
		};
		9B823BC82E5DAEBB00B595E3 /* PBXTargetDependency */ = {
			isa = PBXTargetDependency;
			target = 9B823BAC2E5DAEB900B595E3 /* iScream */;
			targetProxy = 9B823BC72E5DAEBB00B595E3 /* PBXContainerItemProxy */;
		};
/* End PBXTargetDependency section */

/* Begin XCBuildConfiguration section */
		9B823BCE2E5DAEBB00B595E3 /* Debug */ = {
			isa = XCBuildConfiguration;
			buildSettings = {
				ALWAYS_SEARCH_USER_PATHS = NO;
				ASSETCATALOG_COMPILER_GENERATE_SWIFT_ASSET_SYMBOL_EXTENSIONS = YES;
				CLANG_ANALYZER_NONNULL = YES;
				CLANG_ANALYZER_NUMBER_OBJECT_CONVERSION = YES_AGGRESSIVE;
				CLANG_CXX_LANGUAGE_STANDARD = "gnu++20";
				CLANG_ENABLE_MODULES = YES;
				CLANG_ENABLE_OBJC_ARC = YES;
				CLANG_ENABLE_OBJC_WEAK = YES;
				CLANG_WARN_BLOCK_CAPTURE_AUTORELEASING = YES;
				CLANG_WARN_BOOL_CONVERSION = YES;
				CLANG_WARN_COMMA = YES;
				CLANG_WARN_CONSTANT_CONVERSION = YES;
				CLANG_WARN_DEPRECATED_OBJC_IMPLEMENTATIONS = YES;
				CLANG_WARN_DIRECT_OBJC_ISA_USAGE = YES_ERROR;
				CLANG_WARN_DOCUMENTATION_COMMENTS = YES;
				CLANG_WARN_EMPTY_BODY = YES;
				CLANG_WARN_ENUM_CONVERSION = YES;
				CLANG_WARN_INFINITE_RECURSION = YES;
				CLANG_WARN_INT_CONVERSION = YES;
				CLANG_WARN_NON_LITERAL_NULL_CONVERSION = YES;
				CLANG_WARN_OBJC_IMPLICIT_RETAIN_SELF = YES;
				CLANG_WARN_OBJC_LITERAL_CONVERSION = YES;
				CLANG_WARN_OBJC_ROOT_CLASS = YES_ERROR;
				CLANG_WARN_QUOTED_INCLUDE_IN_FRAMEWORK_HEADER = YES;
				CLANG_WARN_RANGE_LOOP_ANALYSIS = YES;
				CLANG_WARN_STRICT_PROTOTYPES = YES;
				CLANG_WARN_SUSPICIOUS_MOVE = YES;
				CLANG_WARN_UNGUARDED_AVAILABILITY = YES_AGGRESSIVE;
				CLANG_WARN_UNREACHABLE_CODE = YES;
				CLANG_WARN__DUPLICATE_METHOD_MATCH = YES;
				COPY_PHASE_STRIP = NO;
				DEBUG_INFORMATION_FORMAT = dwarf;
				ENABLE_STRICT_OBJC_MSGSEND = YES;
				ENABLE_TESTABILITY = YES;
				ENABLE_USER_SCRIPT_SANDBOXING = YES;
				GCC_C_LANGUAGE_STANDARD = gnu17;
				GCC_DYNAMIC_NO_PIC = NO;
				GCC_NO_COMMON_BLOCKS = YES;
				GCC_OPTIMIZATION_LEVEL = 0;
				GCC_PREPROCESSOR_DEFINITIONS = (
					"DEBUG=1",
					"$(inherited)",
				);
				GCC_WARN_64_TO_32_BIT_CONVERSION = YES;
				GCC_WARN_ABOUT_RETURN_TYPE = YES_ERROR;
				GCC_WARN_UNDECLARED_SELECTOR = YES;
				GCC_WARN_UNINITIALIZED_AUTOS = YES_AGGRESSIVE;
				GCC_WARN_UNUSED_FUNCTION = YES;
				GCC_WARN_UNUSED_VARIABLE = YES;
				IPHONEOS_DEPLOYMENT_TARGET = 18.5;
				LOCALIZATION_PREFERS_STRING_CATALOGS = YES;
				MTL_ENABLE_DEBUG_INFO = INCLUDE_SOURCE;
				MTL_FAST_MATH = YES;
				ONLY_ACTIVE_ARCH = YES;
				SDKROOT = iphoneos;
				SWIFT_ACTIVE_COMPILATION_CONDITIONS = "DEBUG $(inherited)";
				SWIFT_EMIT_LOC_STRINGS = YES;
				SWIFT_OPTIMIZATION_LEVEL = "-Onone";
			};
			name = Debug;
		};
		9B823BCF2E5DAEBB00B595E3 /* Release */ = {
			isa = XCBuildConfiguration;
			buildSettings = {
				ALWAYS_SEARCH_USER_PATHS = NO;
				ASSETCATALOG_COMPILER_GENERATE_SWIFT_ASSET_SYMBOL_EXTENSIONS = YES;
				CLANG_ANALYZER_NONNULL = YES;
				CLANG_ANALYZER_NUMBER_OBJECT_CONVERSION = YES_AGGRESSIVE;
				CLANG_CXX_LANGUAGE_STANDARD = "gnu++20";
				CLANG_ENABLE_MODULES = YES;
				CLANG_ENABLE_OBJC_ARC = YES;
				CLANG_ENABLE_OBJC_WEAK = YES;
				CLANG_WARN_BLOCK_CAPTURE_AUTORELEASING = YES;
				CLANG_WARN_BOOL_CONVERSION = YES;
				CLANG_WARN_COMMA = YES;
				CLANG_WARN_CONSTANT_CONVERSION = YES;
				CLANG_WARN_DEPRECATED_OBJC_IMPLEMENTATIONS = YES;
				CLANG_WARN_DIRECT_OBJC_ISA_USAGE = YES_ERROR;
				CLANG_WARN_DOCUMENTATION_COMMENTS = YES;
				CLANG_WARN_EMPTY_BODY = YES;
				CLANG_WARN_ENUM_CONVERSION = YES;
				CLANG_WARN_INFINITE_RECURSION = YES;
				CLANG_WARN_INT_CONVERSION = YES;
				CLANG_WARN_NON_LITERAL_NULL_CONVERSION = YES;
				CLANG_WARN_OBJC_IMPLICIT_RETAIN_SELF = YES;
				CLANG_WARN_OBJC_LITERAL_CONVERSION = YES;
				CLANG_WARN_OBJC_ROOT_CLASS = YES_ERROR;
				CLANG_WARN_QUOTED_INCLUDE_IN_FRAMEWORK_HEADER = YES;
				CLANG_WARN_RANGE_LOOP_ANALYSIS = YES;
				CLANG_WARN_STRICT_PROTOTYPES = YES;
				CLANG_WARN_SUSPICIOUS_MOVE = YES;
				CLANG_WARN_UNGUARDED_AVAILABILITY = YES_AGGRESSIVE;
				CLANG_WARN_UNREACHABLE_CODE = YES;
				CLANG_WARN__DUPLICATE_METHOD_MATCH = YES;
				COPY_PHASE_STRIP = NO;
				DEBUG_INFORMATION_FORMAT = "dwarf-with-dsym";
				ENABLE_NS_ASSERTIONS = NO;
				ENABLE_STRICT_OBJC_MSGSEND = YES;
				ENABLE_USER_SCRIPT_SANDBOXING = YES;
				GCC_C_LANGUAGE_STANDARD = gnu17;
				GCC_NO_COMMON_BLOCKS = YES;
				GCC_WARN_64_TO_32_BIT_CONVERSION = YES;
				GCC_WARN_ABOUT_RETURN_TYPE = YES_ERROR;
				GCC_WARN_UNDECLARED_SELECTOR = YES;
				GCC_WARN_UNINITIALIZED_AUTOS = YES_AGGRESSIVE;
				GCC_WARN_UNUSED_FUNCTION = YES;
				GCC_WARN_UNUSED_VARIABLE = YES;
				IPHONEOS_DEPLOYMENT_TARGET = 18.5;
				LOCALIZATION_PREFERS_STRING_CATALOGS = YES;
				MTL_ENABLE_DEBUG_INFO = NO;
				MTL_FAST_MATH = YES;
				SDKROOT = iphoneos;
				SWIFT_COMPILATION_MODE = wholemodule;
				SWIFT_EMIT_LOC_STRINGS = YES;
				VALIDATE_PRODUCT = YES;
			};
			name = Release;
		};
		9B823BD12E5DAEBB00B595E3 /* Debug */ = {
			isa = XCBuildConfiguration;
			buildSettings = {
				ASSETCATALOG_COMPILER_APPICON_NAME = AppIcon;
				ASSETCATALOG_COMPILER_GLOBAL_ACCENT_COLOR_NAME = AccentColor;
				CODE_SIGN_STYLE = Automatic;
				CURRENT_PROJECT_VERSION = 1;
				DEVELOPMENT_TEAM = 6D2YL7QM5A;
				ENABLE_PREVIEWS = YES;
				GENERATE_INFOPLIST_FILE = YES;
				INFOPLIST_KEY_UIApplicationSceneManifest_Generation = YES;
				INFOPLIST_KEY_UIApplicationSupportsIndirectInputEvents = YES;
				INFOPLIST_KEY_UILaunchScreen_Generation = YES;
				INFOPLIST_KEY_UISupportedInterfaceOrientations_iPad = "UIInterfaceOrientationPortrait UIInterfaceOrientationPortraitUpsideDown UIInterfaceOrientationLandscapeLeft UIInterfaceOrientationLandscapeRight";
				INFOPLIST_KEY_UISupportedInterfaceOrientations_iPhone = "UIInterfaceOrientationPortrait UIInterfaceOrientationLandscapeLeft UIInterfaceOrientationLandscapeRight";
				LD_RUNPATH_SEARCH_PATHS = (
					"$(inherited)",
					"@executable_path/Frameworks",
				);
				MARKETING_VERSION = 1.0;
				PRODUCT_BUNDLE_IDENTIFIER = com.jwoodbridge.iScream;
				PRODUCT_NAME = "$(TARGET_NAME)";
				SWIFT_EMIT_LOC_STRINGS = YES;
				SWIFT_VERSION = 5.0;
				TARGETED_DEVICE_FAMILY = "1,2";
			};
			name = Debug;
		};
		9B823BD22E5DAEBB00B595E3 /* Release */ = {
			isa = XCBuildConfiguration;
			buildSettings = {
				ASSETCATALOG_COMPILER_APPICON_NAME = AppIcon;
				ASSETCATALOG_COMPILER_GLOBAL_ACCENT_COLOR_NAME = AccentColor;
				CODE_SIGN_STYLE = Automatic;
				CURRENT_PROJECT_VERSION = 1;
				DEVELOPMENT_TEAM = 6D2YL7QM5A;
				ENABLE_PREVIEWS = YES;
				GENERATE_INFOPLIST_FILE = YES;
				INFOPLIST_KEY_UIApplicationSceneManifest_Generation = YES;
				INFOPLIST_KEY_UIApplicationSupportsIndirectInputEvents = YES;
				INFOPLIST_KEY_UILaunchScreen_Generation = YES;
				INFOPLIST_KEY_UISupportedInterfaceOrientations_iPad = "UIInterfaceOrientationPortrait UIInterfaceOrientationPortraitUpsideDown UIInterfaceOrientationLandscapeLeft UIInterfaceOrientationLandscapeRight";
				INFOPLIST_KEY_UISupportedInterfaceOrientations_iPhone = "UIInterfaceOrientationPortrait UIInterfaceOrientationLandscapeLeft UIInterfaceOrientationLandscapeRight";
				LD_RUNPATH_SEARCH_PATHS = (
					"$(inherited)",
					"@executable_path/Frameworks",
				);
				MARKETING_VERSION = 1.0;
				PRODUCT_BUNDLE_IDENTIFIER = com.jwoodbridge.iScream;
				PRODUCT_NAME = "$(TARGET_NAME)";
				SWIFT_EMIT_LOC_STRINGS = YES;
				SWIFT_VERSION = 5.0;
				TARGETED_DEVICE_FAMILY = "1,2";
			};
			name = Release;
		};
		9B823BD42E5DAEBB00B595E3 /* Debug */ = {
			isa = XCBuildConfiguration;
			buildSettings = {
				BUNDLE_LOADER = "$(TEST_HOST)";
				CODE_SIGN_STYLE = Automatic;
				CURRENT_PROJECT_VERSION = 1;
				GENERATE_INFOPLIST_FILE = YES;
				IPHONEOS_DEPLOYMENT_TARGET = 18.5;
				MARKETING_VERSION = 1.0;
				PRODUCT_BUNDLE_IDENTIFIER = com.jwoodbridge.iScreamTests;
				PRODUCT_NAME = "$(TARGET_NAME)";
				SWIFT_EMIT_LOC_STRINGS = NO;
				SWIFT_VERSION = 5.0;
				TARGETED_DEVICE_FAMILY = "1,2";
				TEST_HOST = "$(BUILT_PRODUCTS_DIR)/iScream.app/$(BUNDLE_EXECUTABLE_FOLDER_PATH)/iScream";
			};
			name = Debug;
		};
		9B823BD52E5DAEBB00B595E3 /* Release */ = {
			isa = XCBuildConfiguration;
			buildSettings = {
				BUNDLE_LOADER = "$(TEST_HOST)";
				CODE_SIGN_STYLE = Automatic;
				CURRENT_PROJECT_VERSION = 1;
				GENERATE_INFOPLIST_FILE = YES;
				IPHONEOS_DEPLOYMENT_TARGET = 18.5;
				MARKETING_VERSION = 1.0;
				PRODUCT_BUNDLE_IDENTIFIER = com.jwoodbridge.iScreamTests;
				PRODUCT_NAME = "$(TARGET_NAME)";
				SWIFT_EMIT_LOC_STRINGS = NO;
				SWIFT_VERSION = 5.0;
				TARGETED_DEVICE_FAMILY = "1,2";
				TEST_HOST = "$(BUILT_PRODUCTS_DIR)/iScream.app/$(BUNDLE_EXECUTABLE_FOLDER_PATH)/iScream";
			};
			name = Release;
		};
		9B823BD72E5DAEBB00B595E3 /* Debug */ = {
			isa = XCBuildConfiguration;
			buildSettings = {
				CODE_SIGN_STYLE = Automatic;
				CURRENT_PROJECT_VERSION = 1;
				GENERATE_INFOPLIST_FILE = YES;
				MARKETING_VERSION = 1.0;
				PRODUCT_BUNDLE_IDENTIFIER = com.jwoodbridge.iScreamUITests;
				PRODUCT_NAME = "$(TARGET_NAME)";
				SWIFT_EMIT_LOC_STRINGS = NO;
				SWIFT_VERSION = 5.0;
				TARGETED_DEVICE_FAMILY = "1,2";
				TEST_TARGET_NAME = iScream;
			};
			name = Debug;
		};
		9B823BD82E5DAEBB00B595E3 /* Release */ = {
			isa = XCBuildConfiguration;
			buildSettings = {
				CODE_SIGN_STYLE = Automatic;
				CURRENT_PROJECT_VERSION = 1;
				GENERATE_INFOPLIST_FILE = YES;
				MARKETING_VERSION = 1.0;
				PRODUCT_BUNDLE_IDENTIFIER = com.jwoodbridge.iScreamUITests;
				PRODUCT_NAME = "$(TARGET_NAME)";
				SWIFT_EMIT_LOC_STRINGS = NO;
				SWIFT_VERSION = 5.0;
				TARGETED_DEVICE_FAMILY = "1,2";
				TEST_TARGET_NAME = iScream;
			};
			name = Release;
		};
/* End XCBuildConfiguration section */

/* Begin XCConfigurationList section */
		9B823BA82E5DAEB900B595E3 /* Build configuration list for PBXProject "iScream" */ = {
			isa = XCConfigurationList;
			buildConfigurations = (
				9B823BCE2E5DAEBB00B595E3 /* Debug */,
				9B823BCF2E5DAEBB00B595E3 /* Release */,
			);
			defaultConfigurationIsVisible = 0;
			defaultConfigurationName = Release;
		};
		9B823BD02E5DAEBB00B595E3 /* Build configuration list for PBXNativeTarget "iScream" */ = {
			isa = XCConfigurationList;
			buildConfigurations = (
				9B823BD12E5DAEBB00B595E3 /* Debug */,
				9B823BD22E5DAEBB00B595E3 /* Release */,
			);
			defaultConfigurationIsVisible = 0;
			defaultConfigurationName = Release;
		};
		9B823BD32E5DAEBB00B595E3 /* Build configuration list for PBXNativeTarget "iScreamTests" */ = {
			isa = XCConfigurationList;
			buildConfigurations = (
				9B823BD42E5DAEBB00B595E3 /* Debug */,
				9B823BD52E5DAEBB00B595E3 /* Release */,
			);
			defaultConfigurationIsVisible = 0;
			defaultConfigurationName = Release;
		};
		9B823BD62E5DAEBB00B595E3 /* Build configuration list for PBXNativeTarget "iScreamUITests" */ = {
			isa = XCConfigurationList;
			buildConfigurations = (
				9B823BD72E5DAEBB00B595E3 /* Debug */,
				9B823BD82E5DAEBB00B595E3 /* Release */,
			);
			defaultConfigurationIsVisible = 0;
			defaultConfigurationName = Release;
		};
/* End XCConfigurationList section */

/* Begin XCRemoteSwiftPackageReference section */
		9B823C002E5DB41B00B595E3 /* XCRemoteSwiftPackageReference "Swinject" */ = {
			isa = XCRemoteSwiftPackageReference;
			repositoryURL = "https://github.com/Swinject/Swinject.git";
			requirement = {
				kind = upToNextMajorVersion;
				minimumVersion = 2.9.1;
			};
		};
/* End XCRemoteSwiftPackageReference section */

/* Begin XCSwiftPackageProductDependency section */
		9B823C022E5DB46200B595E3 /* Swinject */ = {
			isa = XCSwiftPackageProductDependency;
			package = 9B823C002E5DB41B00B595E3 /* XCRemoteSwiftPackageReference "Swinject" */;
			productName = Swinject;
		};
/* End XCSwiftPackageProductDependency section */
	};
	rootObject = 9B823BA52E5DAEB900B595E3 /* Project object */;
}
